
Microsoft Visual Studio Solution File, Format Version 12.00
# Visual Studio Version 16
VisualStudioVersion = 16.0.29709.97
MinimumVisualStudioVersion = 10.0.40219.1
Project("{FAE04EC0-301F-11D3-BF4B-00C04F79EFBC}") = "AdminMusical.API", "AdminMusical.API\AdminMusical.API.csproj", "{576A11A6-0D42-4F6B-9A49-92B82CAA9ACE}"
EndProject
Global
	GlobalSection(SolutionConfigurationPlatforms) = preSolution
		Debug|Any CPU = Debug|Any CPU
		Release|Any CPU = Release|Any CPU
	EndGlobalSection
	GlobalSection(ProjectConfigurationPlatforms) = postSolution
		{576A11A6-0D42-4F6B-9A49-92B82CAA9ACE}.Debug|Any CPU.ActiveCfg = Debug|Any CPU
		{576A11A6-0D42-4F6B-9A49-92B82CAA9ACE}.Debug|Any CPU.Build.0 = Debug|Any CPU
		{576A11A6-0D42-4F6B-9A49-92B82CAA9ACE}.Release|Any CPU.ActiveCfg = Release|Any CPU
		{576A11A6-0D42-4F6B-9A49-92B82CAA9ACE}.Release|Any CPU.Build.0 = Release|Any CPU
	EndGlobalSection
	GlobalSection(SolutionProperties) = preSolution
		HideSolutionNode = FALSE
	EndGlobalSection
	GlobalSection(ExtensibilityGlobals) = postSolution
		SolutionGuid = {CB86CF33-D483-4D97-9562-2C21E6E7EF8B}
	EndGlobalSection
EndGlobal
